<?xml version="1.0" encoding="utf-8"?>
<Project ToolsVersion="4.0" xmlns="http://schemas.microsoft.com/developer/msbuild/2003">
  <ItemGroup>
    <Filter Include="BaseMaterial">
      <UniqueIdentifier>{CFBBF195-BB1E-813A-64A4-B9F050E64CBD}</UniqueIdentifier>
    </Filter>
  </ItemGroup>
  <ItemGroup>
    <ClInclude Include="src\BaseMaterial\PosTexCol3D.h">
      <Filter>BaseMaterial</Filter>
    </ClInclude>
    <ClInclude Include="src\TestLayer.h" />
  </ItemGroup>
  <ItemGroup>
    <ClCompile Include="src\BaseMaterial\PosTexCol3D.cpp">
      <Filter>BaseMaterial</Filter>
    </ClCompile>
    <ClCompile Include="src\GameApp.cpp" />
    <ClCompile Include="src\TestLayer.cpp" />
  </ItemGroup>
</Project>