<?xml version="1.0" encoding="utf-8"?>
<Project ToolsVersion="4.0" xmlns="http://schemas.microsoft.com/developer/msbuild/2003">
  <ItemGroup>
    <Filter Include="Minecraft">
      <UniqueIdentifier>{FEA1E9E8-6A0C-9E5F-B34A-4F051FF47BB4}</UniqueIdentifier>
    </Filter>
  </ItemGroup>
  <ItemGroup>
    <ClCompile Include="src\EditorApp.cpp" />
    <ClCompile Include="Components\ChunkMeshComponent.cpp" />
  </ItemGroup>
  <ItemGroup>
    <ClInclude Include="Components\ChunkMeshComponent.h" />
  </ItemGroup>
</Project>